
Microsoft Visual Studio Solution File, Format Version 12.00
# Visual Studio Version 17
VisualStudioVersion = 17.9.34902.65
MinimumVisualStudioVersion = 10.0.40219.1
Project("{FAE04EC0-301F-11D3-BF4B-00C04F79EFBC}") = "ApiEasyCompras", "ApiEasyCompras\ApiEasyCompras.csproj", "{994090F5-6BBA-4E51-9086-4383A4A00502}"
EndProject
Global
	GlobalSection(SolutionConfigurationPlatforms) = preSolution
		Debug|Any CPU = Debug|Any CPU
		Release|Any CPU = Release|Any CPU
	EndGlobalSection
	GlobalSection(ProjectConfigurationPlatforms) = postSolution
		{994090F5-6BBA-4E51-9086-4383A4A00502}.Debug|Any CPU.ActiveCfg = Debug|Any CPU
		{994090F5-6BBA-4E51-9086-4383A4A00502}.Debug|Any CPU.Build.0 = Debug|Any CPU
		{994090F5-6BBA-4E51-9086-4383A4A00502}.Release|Any CPU.ActiveCfg = Release|Any CPU
		{994090F5-6BBA-4E51-9086-4383A4A00502}.Release|Any CPU.Build.0 = Release|Any CPU
	EndGlobalSection
	GlobalSection(SolutionProperties) = preSolution
		HideSolutionNode = FALSE
	EndGlobalSection
	GlobalSection(ExtensibilityGlobals) = postSolution
		SolutionGuid = {9D6DC2F8-A596-4B2B-9EB8-F3449F773D69}
	EndGlobalSection
EndGlobal
